
Microsoft Visual Studio Solution File, Format Version 12.00
# Visual Studio Version 16
VisualStudioVersion = 16.0.30907.101
MinimumVisualStudioVersion = 10.0.40219.1
Project("{FAE04EC0-301F-11D3-BF4B-00C04F79EFBC}") = "MonogameCollisionTesting", "MonogameCollisionTesting.csproj", "{3DA25284-76E7-4A9B-8CE9-8AD34C528877}"
EndProject
Global
	GlobalSection(SolutionConfigurationPlatforms) = preSolution
		Debug|Any CPU = Debug|Any CPU
		Release|Any CPU = Release|Any CPU
	EndGlobalSection
	GlobalSection(ProjectConfigurationPlatforms) = postSolution
		{3DA25284-76E7-4A9B-8CE9-8AD34C528877}.Debug|Any CPU.ActiveCfg = Debug|Any CPU
		{3DA25284-76E7-4A9B-8CE9-8AD34C528877}.Debug|Any CPU.Build.0 = Debug|Any CPU
		{3DA25284-76E7-4A9B-8CE9-8AD34C528877}.Release|Any CPU.ActiveCfg = Release|Any CPU
		{3DA25284-76E7-4A9B-8CE9-8AD34C528877}.Release|Any CPU.Build.0 = Release|Any CPU
	EndGlobalSection
	GlobalSection(SolutionProperties) = preSolution
		HideSolutionNode = FALSE
	EndGlobalSection
	GlobalSection(ExtensibilityGlobals) = postSolution
		SolutionGuid = {88371161-4362-41DE-8FBA-6FDB10BC59A0}
	EndGlobalSection
EndGlobal
